// !$*UTF8*$!
{
	archiveVersion = 1;
	classes = {
	};
	objectVersion = 46;
	objects = {

/* Begin PBXBuildFile section */
		F91DC3191DD44D71005470BC /* HomeController.swift in Sources */ = {isa = PBXBuildFile; fileRef = F91DC3181DD44D71005470BC /* HomeController.swift */; };
		F91E5C8A1DD2F8D400E48AB7 /* AppDelegate.swift in Sources */ = {isa = PBXBuildFile; fileRef = F91E5C891DD2F8D400E48AB7 /* AppDelegate.swift */; };
		F91E5C8F1DD2F8D400E48AB7 /* Main.storyboard in Resources */ = {isa = PBXBuildFile; fileRef = F91E5C8D1DD2F8D400E48AB7 /* Main.storyboard */; };
		F91E5C911DD2F8D400E48AB7 /* Assets.xcassets in Resources */ = {isa = PBXBuildFile; fileRef = F91E5C901DD2F8D400E48AB7 /* Assets.xcassets */; };
		F91E5C9F1DD2F8D400E48AB7 /* DouyuSwiftTests.swift in Sources */ = {isa = PBXBuildFile; fileRef = F91E5C9E1DD2F8D400E48AB7 /* DouyuSwiftTests.swift */; };
		F91E5CD31DD30C4200E48AB7 /* MainController.swift in Sources */ = {isa = PBXBuildFile; fileRef = F91E5CD21DD30C4200E48AB7 /* MainController.swift */; };
		F91E5CD51DD30D5D00E48AB7 /* Home.storyboard in Resources */ = {isa = PBXBuildFile; fileRef = F91E5CD41DD30D5D00E48AB7 /* Home.storyboard */; };
		F91E5CD71DD30D9D00E48AB7 /* Live.storyboard in Resources */ = {isa = PBXBuildFile; fileRef = F91E5CD61DD30D9D00E48AB7 /* Live.storyboard */; };
		F91E5CD91DD30DE300E48AB7 /* Follow.storyboard in Resources */ = {isa = PBXBuildFile; fileRef = F91E5CD81DD30DE300E48AB7 /* Follow.storyboard */; };
		F91E5CDB1DD30E2000E48AB7 /* Profile.storyboard in Resources */ = {isa = PBXBuildFile; fileRef = F91E5CDA1DD30E2000E48AB7 /* Profile.storyboard */; };
		F91E5CDF1DD31D1900E48AB7 /* FollowController.swift in Sources */ = {isa = PBXBuildFile; fileRef = F91E5CDE1DD31D1900E48AB7 /* FollowController.swift */; };
		F91E5CE11DD31D2600E48AB7 /* ProfileController.swift in Sources */ = {isa = PBXBuildFile; fileRef = F91E5CE01DD31D2600E48AB7 /* ProfileController.swift */; };
		F91E5CE31DD31D3200E48AB7 /* LiveController.swift in Sources */ = {isa = PBXBuildFile; fileRef = F91E5CE21DD31D3200E48AB7 /* LiveController.swift */; };
		F95521161DD456E000EB7F8D /* PageTitleView.swift in Sources */ = {isa = PBXBuildFile; fileRef = F95521151DD456E000EB7F8D /* PageTitleView.swift */; };
		F95521181DD4584100EB7F8D /* Common.swift in Sources */ = {isa = PBXBuildFile; fileRef = F95521171DD4584100EB7F8D /* Common.swift */; };
		F955211A1DD45FB400EB7F8D /* PageContentView.swift in Sources */ = {isa = PBXBuildFile; fileRef = F95521191DD45FB400EB7F8D /* PageContentView.swift */; };
		F971A7891DD4206E00FB1BBB /* UIBarButtonItem-Extension.swift in Sources */ = {isa = PBXBuildFile; fileRef = F971A7881DD4206E00FB1BBB /* UIBarButtonItem-Extension.swift */; };
/* End PBXBuildFile section */

/* Begin PBXContainerItemProxy section */
		F91E5C9B1DD2F8D400E48AB7 /* PBXContainerItemProxy */ = {
			isa = PBXContainerItemProxy;
			containerPortal = F91E5C7E1DD2F8D400E48AB7 /* Project object */;
			proxyType = 1;
			remoteGlobalIDString = F91E5C851DD2F8D400E48AB7;
			remoteInfo = DouyuSwift;
		};
/* End PBXContainerItemProxy section */

/* Begin PBXFileReference section */
		F91DC3181DD44D71005470BC /* HomeController.swift */ = {isa = PBXFileReference; fileEncoding = 4; lastKnownFileType = sourcecode.swift; path = HomeController.swift; sourceTree = "<group>"; };
		F91E5C861DD2F8D400E48AB7 /* DouyuSwift.app */ = {isa = PBXFileReference; explicitFileType = wrapper.application; includeInIndex = 0; path = DouyuSwift.app; sourceTree = BUILT_PRODUCTS_DIR; };
		F91E5C891DD2F8D400E48AB7 /* AppDelegate.swift */ = {isa = PBXFileReference; lastKnownFileType = sourcecode.swift; path = AppDelegate.swift; sourceTree = "<group>"; };
		F91E5C8E1DD2F8D400E48AB7 /* Base */ = {isa = PBXFileReference; lastKnownFileType = file.storyboard; name = Base; path = Base.lproj/Main.storyboard; sourceTree = "<group>"; };
		F91E5C901DD2F8D400E48AB7 /* Assets.xcassets */ = {isa = PBXFileReference; lastKnownFileType = folder.assetcatalog; path = Assets.xcassets; sourceTree = "<group>"; };
		F91E5C951DD2F8D400E48AB7 /* Info.plist */ = {isa = PBXFileReference; lastKnownFileType = text.plist.xml; path = Info.plist; sourceTree = "<group>"; };
		F91E5C9A1DD2F8D400E48AB7 /* DouyuSwiftTests.xctest */ = {isa = PBXFileReference; explicitFileType = wrapper.cfbundle; includeInIndex = 0; path = DouyuSwiftTests.xctest; sourceTree = BUILT_PRODUCTS_DIR; };
		F91E5C9E1DD2F8D400E48AB7 /* DouyuSwiftTests.swift */ = {isa = PBXFileReference; lastKnownFileType = sourcecode.swift; path = DouyuSwiftTests.swift; sourceTree = "<group>"; };
		F91E5CA01DD2F8D400E48AB7 /* Info.plist */ = {isa = PBXFileReference; lastKnownFileType = text.plist.xml; path = Info.plist; sourceTree = "<group>"; };
		F91E5CD21DD30C4200E48AB7 /* MainController.swift */ = {isa = PBXFileReference; fileEncoding = 4; lastKnownFileType = sourcecode.swift; path = MainController.swift; sourceTree = "<group>"; };
		F91E5CD41DD30D5D00E48AB7 /* Home.storyboard */ = {isa = PBXFileReference; fileEncoding = 4; lastKnownFileType = file.storyboard; path = Home.storyboard; sourceTree = "<group>"; };
		F91E5CD61DD30D9D00E48AB7 /* Live.storyboard */ = {isa = PBXFileReference; fileEncoding = 4; lastKnownFileType = file.storyboard; path = Live.storyboard; sourceTree = "<group>"; };
		F91E5CD81DD30DE300E48AB7 /* Follow.storyboard */ = {isa = PBXFileReference; fileEncoding = 4; lastKnownFileType = file.storyboard; path = Follow.storyboard; sourceTree = "<group>"; };
		F91E5CDA1DD30E2000E48AB7 /* Profile.storyboard */ = {isa = PBXFileReference; fileEncoding = 4; lastKnownFileType = file.storyboard; path = Profile.storyboard; sourceTree = "<group>"; };
		F91E5CDE1DD31D1900E48AB7 /* FollowController.swift */ = {isa = PBXFileReference; fileEncoding = 4; lastKnownFileType = sourcecode.swift; path = FollowController.swift; sourceTree = "<group>"; };
		F91E5CE01DD31D2600E48AB7 /* ProfileController.swift */ = {isa = PBXFileReference; fileEncoding = 4; lastKnownFileType = sourcecode.swift; path = ProfileController.swift; sourceTree = "<group>"; };
		F91E5CE21DD31D3200E48AB7 /* LiveController.swift */ = {isa = PBXFileReference; fileEncoding = 4; lastKnownFileType = sourcecode.swift; path = LiveController.swift; sourceTree = "<group>"; };
		F95521151DD456E000EB7F8D /* PageTitleView.swift */ = {isa = PBXFileReference; fileEncoding = 4; lastKnownFileType = sourcecode.swift; path = PageTitleView.swift; sourceTree = "<group>"; };
		F95521171DD4584100EB7F8D /* Common.swift */ = {isa = PBXFileReference; fileEncoding = 4; lastKnownFileType = sourcecode.swift; path = Common.swift; sourceTree = "<group>"; };
		F95521191DD45FB400EB7F8D /* PageContentView.swift */ = {isa = PBXFileReference; fileEncoding = 4; lastKnownFileType = sourcecode.swift; path = PageContentView.swift; sourceTree = "<group>"; };
		F971A7881DD4206E00FB1BBB /* UIBarButtonItem-Extension.swift */ = {isa = PBXFileReference; fileEncoding = 4; lastKnownFileType = sourcecode.swift; path = "UIBarButtonItem-Extension.swift"; sourceTree = "<group>"; };
/* End PBXFileReference section */

/* Begin PBXFrameworksBuildPhase section */
		F91E5C831DD2F8D400E48AB7 /* Frameworks */ = {
			isa = PBXFrameworksBuildPhase;
			buildActionMask = 2147483647;
			files = (
			);
			runOnlyForDeploymentPostprocessing = 0;
		};
		F91E5C971DD2F8D400E48AB7 /* Frameworks */ = {
			isa = PBXFrameworksBuildPhase;
			buildActionMask = 2147483647;
			files = (
			);
			runOnlyForDeploymentPostprocessing = 0;
		};
/* End PBXFrameworksBuildPhase section */

/* Begin PBXGroup section */
		F91E5C7D1DD2F8D400E48AB7 = {
			isa = PBXGroup;
			children = (
				F91E5C881DD2F8D400E48AB7 /* DouyuSwift */,
				F91E5C9D1DD2F8D400E48AB7 /* DouyuSwiftTests */,
				F91E5C871DD2F8D400E48AB7 /* Products */,
			);
			sourceTree = "<group>";
		};
		F91E5C871DD2F8D400E48AB7 /* Products */ = {
			isa = PBXGroup;
			children = (
				F91E5C861DD2F8D400E48AB7 /* DouyuSwift.app */,
				F91E5C9A1DD2F8D400E48AB7 /* DouyuSwiftTests.xctest */,
			);
			name = Products;
			sourceTree = "<group>";
		};
		F91E5C881DD2F8D400E48AB7 /* DouyuSwift */ = {
			isa = PBXGroup;
			children = (
				F91E5CA91DD2FD4800E48AB7 /* Classes */,
				F91E5C891DD2F8D400E48AB7 /* AppDelegate.swift */,
				F91E5C901DD2F8D400E48AB7 /* Assets.xcassets */,
				F91E5C951DD2F8D400E48AB7 /* Info.plist */,
			);
			path = DouyuSwift;
			sourceTree = "<group>";
		};
		F91E5C9D1DD2F8D400E48AB7 /* DouyuSwiftTests */ = {
			isa = PBXGroup;
			children = (
				F91E5C9E1DD2F8D400E48AB7 /* DouyuSwiftTests.swift */,
				F91E5CA01DD2F8D400E48AB7 /* Info.plist */,
			);
			path = DouyuSwiftTests;
			sourceTree = "<group>";
		};
		F91E5CA91DD2FD4800E48AB7 /* Classes */ = {
			isa = PBXGroup;
			children = (
				F91E5CB61DD2FD4800E48AB7 /* Main */,
				F91E5CB21DD2FD4800E48AB7 /* Live */,
				F91E5CAE1DD2FD4800E48AB7 /* Home */,
				F91E5CAA1DD2FD4800E48AB7 /* Follow */,
				F91E5CBA1DD2FD4800E48AB7 /* Profile */,
				F91E5CBE1DD2FD4800E48AB7 /* Tools */,
			);
			path = Classes;
			sourceTree = "<group>";
		};
		F91E5CAA1DD2FD4800E48AB7 /* Follow */ = {
			isa = PBXGroup;
			children = (
				F91E5CD81DD30DE300E48AB7 /* Follow.storyboard */,
				F91E5CAB1DD2FD4800E48AB7 /* Controller */,
				F91E5CAC1DD2FD4800E48AB7 /* Model */,
				F91E5CAD1DD2FD4800E48AB7 /* View */,
			);
			path = Follow;
			sourceTree = "<group>";
		};
		F91E5CAB1DD2FD4800E48AB7 /* Controller */ = {
			isa = PBXGroup;
			children = (
				F91E5CDE1DD31D1900E48AB7 /* FollowController.swift */,
			);
			path = Controller;
			sourceTree = "<group>";
		};
		F91E5CAC1DD2FD4800E48AB7 /* Model */ = {
			isa = PBXGroup;
			children = (
			);
			path = Model;
			sourceTree = "<group>";
		};
		F91E5CAD1DD2FD4800E48AB7 /* View */ = {
			isa = PBXGroup;
			children = (
			);
			path = View;
			sourceTree = "<group>";
		};
		F91E5CAE1DD2FD4800E48AB7 /* Home */ = {
			isa = PBXGroup;
			children = (
				F91E5CD41DD30D5D00E48AB7 /* Home.storyboard */,
				F91E5CAF1DD2FD4800E48AB7 /* Controller */,
				F91E5CB01DD2FD4800E48AB7 /* Model */,
				F91E5CB11DD2FD4800E48AB7 /* View */,
			);
			path = Home;
			sourceTree = "<group>";
		};
		F91E5CAF1DD2FD4800E48AB7 /* Controller */ = {
			isa = PBXGroup;
			children = (
				F91DC3181DD44D71005470BC /* HomeController.swift */,
			);
			path = Controller;
			sourceTree = "<group>";
		};
		F91E5CB01DD2FD4800E48AB7 /* Model */ = {
			isa = PBXGroup;
			children = (
			);
			path = Model;
			sourceTree = "<group>";
		};
		F91E5CB11DD2FD4800E48AB7 /* View */ = {
			isa = PBXGroup;
			children = (
			);
			path = View;
			sourceTree = "<group>";
		};
		F91E5CB21DD2FD4800E48AB7 /* Live */ = {
			isa = PBXGroup;
			children = (
				F91E5CD61DD30D9D00E48AB7 /* Live.storyboard */,
				F91E5CB31DD2FD4800E48AB7 /* Controller */,
				F91E5CB41DD2FD4800E48AB7 /* Model */,
				F91E5CB51DD2FD4800E48AB7 /* View */,
			);
			path = Live;
			sourceTree = "<group>";
		};
		F91E5CB31DD2FD4800E48AB7 /* Controller */ = {
			isa = PBXGroup;
			children = (
				F91E5CE21DD31D3200E48AB7 /* LiveController.swift */,
			);
			path = Controller;
			sourceTree = "<group>";
		};
		F91E5CB41DD2FD4800E48AB7 /* Model */ = {
			isa = PBXGroup;
			children = (
			);
			path = Model;
			sourceTree = "<group>";
		};
		F91E5CB51DD2FD4800E48AB7 /* View */ = {
			isa = PBXGroup;
			children = (
			);
			path = View;
			sourceTree = "<group>";
		};
		F91E5CB61DD2FD4800E48AB7 /* Main */ = {
			isa = PBXGroup;
			children = (
				F91E5C8D1DD2F8D400E48AB7 /* Main.storyboard */,
				F91E5CB71DD2FD4800E48AB7 /* Controller */,
				F91E5CB81DD2FD4800E48AB7 /* Model */,
				F91E5CB91DD2FD4800E48AB7 /* View */,
			);
			path = Main;
			sourceTree = "<group>";
		};
		F91E5CB71DD2FD4800E48AB7 /* Controller */ = {
			isa = PBXGroup;
			children = (
				F91E5CD21DD30C4200E48AB7 /* MainController.swift */,
			);
			path = Controller;
			sourceTree = "<group>";
		};
		F91E5CB81DD2FD4800E48AB7 /* Model */ = {
			isa = PBXGroup;
			children = (
			);
			path = Model;
			sourceTree = "<group>";
		};
		F91E5CB91DD2FD4800E48AB7 /* View */ = {
			isa = PBXGroup;
			children = (
				F95521151DD456E000EB7F8D /* PageTitleView.swift */,
				F95521191DD45FB400EB7F8D /* PageContentView.swift */,
			);
			path = View;
			sourceTree = "<group>";
		};
		F91E5CBA1DD2FD4800E48AB7 /* Profile */ = {
			isa = PBXGroup;
			children = (
				F91E5CDA1DD30E2000E48AB7 /* Profile.storyboard */,
				F91E5CBB1DD2FD4800E48AB7 /* Controller */,
				F91E5CBC1DD2FD4800E48AB7 /* Model */,
				F91E5CBD1DD2FD4800E48AB7 /* View */,
			);
			path = Profile;
			sourceTree = "<group>";
		};
		F91E5CBB1DD2FD4800E48AB7 /* Controller */ = {
			isa = PBXGroup;
			children = (
				F91E5CE01DD31D2600E48AB7 /* ProfileController.swift */,
			);
			path = Controller;
			sourceTree = "<group>";
		};
		F91E5CBC1DD2FD4800E48AB7 /* Model */ = {
			isa = PBXGroup;
			children = (
			);
			path = Model;
			sourceTree = "<group>";
		};
		F91E5CBD1DD2FD4800E48AB7 /* View */ = {
			isa = PBXGroup;
			children = (
			);
			path = View;
			sourceTree = "<group>";
		};
		F91E5CBE1DD2FD4800E48AB7 /* Tools */ = {
			isa = PBXGroup;
			children = (
				F971A7851DD41F2C00FB1BBB /* Extention */,
				F95521171DD4584100EB7F8D /* Common.swift */,
			);
			path = Tools;
			sourceTree = "<group>";
		};
		F971A7851DD41F2C00FB1BBB /* Extention */ = {
			isa = PBXGroup;
			children = (
				F971A7881DD4206E00FB1BBB /* UIBarButtonItem-Extension.swift */,
			);
			path = Extention;
			sourceTree = "<group>";
		};
/* End PBXGroup section */

/* Begin PBXNativeTarget section */
		F91E5C851DD2F8D400E48AB7 /* DouyuSwift */ = {
			isa = PBXNativeTarget;
			buildConfigurationList = F91E5CA31DD2F8D400E48AB7 /* Build configuration list for PBXNativeTarget "DouyuSwift" */;
			buildPhases = (
				F91E5C821DD2F8D400E48AB7 /* Sources */,
				F91E5C831DD2F8D400E48AB7 /* Frameworks */,
				F91E5C841DD2F8D400E48AB7 /* Resources */,
			);
			buildRules = (
			);
			dependencies = (
			);
			name = DouyuSwift;
			productName = DouyuSwift;
			productReference = F91E5C861DD2F8D400E48AB7 /* DouyuSwift.app */;
			productType = "com.apple.product-type.application";
		};
		F91E5C991DD2F8D400E48AB7 /* DouyuSwiftTests */ = {
			isa = PBXNativeTarget;
			buildConfigurationList = F91E5CA61DD2F8D400E48AB7 /* Build configuration list for PBXNativeTarget "DouyuSwiftTests" */;
			buildPhases = (
				F91E5C961DD2F8D400E48AB7 /* Sources */,
				F91E5C971DD2F8D400E48AB7 /* Frameworks */,
				F91E5C981DD2F8D400E48AB7 /* Resources */,
			);
			buildRules = (
			);
			dependencies = (
				F91E5C9C1DD2F8D400E48AB7 /* PBXTargetDependency */,
			);
			name = DouyuSwiftTests;
			productName = DouyuSwiftTests;
			productReference = F91E5C9A1DD2F8D400E48AB7 /* DouyuSwiftTests.xctest */;
			productType = "com.apple.product-type.bundle.unit-test";
		};
/* End PBXNativeTarget section */

/* Begin PBXProject section */
		F91E5C7E1DD2F8D400E48AB7 /* Project object */ = {
			isa = PBXProject;
			attributes = {
				LastSwiftUpdateCheck = 0800;
				LastUpgradeCheck = 0800;
				ORGANIZATIONNAME = ToothBond;
				TargetAttributes = {
					F91E5C851DD2F8D400E48AB7 = {
						CreatedOnToolsVersion = 8.0;
						DevelopmentTeam = 5XKUVDTMEL;
						ProvisioningStyle = Automatic;
					};
					F91E5C991DD2F8D400E48AB7 = {
						CreatedOnToolsVersion = 8.0;
						DevelopmentTeam = 5XKUVDTMEL;
						ProvisioningStyle = Automatic;
						TestTargetID = F91E5C851DD2F8D400E48AB7;
					};
				};
			};
			buildConfigurationList = F91E5C811DD2F8D400E48AB7 /* Build configuration list for PBXProject "DouyuSwift" */;
			compatibilityVersion = "Xcode 3.2";
			developmentRegion = English;
			hasScannedForEncodings = 0;
			knownRegions = (
				en,
				Base,
			);
			mainGroup = F91E5C7D1DD2F8D400E48AB7;
			productRefGroup = F91E5C871DD2F8D400E48AB7 /* Products */;
			projectDirPath = "";
			projectRoot = "";
			targets = (
				F91E5C851DD2F8D400E48AB7 /* DouyuSwift */,
				F91E5C991DD2F8D400E48AB7 /* DouyuSwiftTests */,
			);
		};
/* End PBXProject section */

/* Begin PBXResourcesBuildPhase section */
		F91E5C841DD2F8D400E48AB7 /* Resources */ = {
			isa = PBXResourcesBuildPhase;
			buildActionMask = 2147483647;
			files = (
				F91E5CDB1DD30E2000E48AB7 /* Profile.storyboard in Resources */,
				F91E5CD91DD30DE300E48AB7 /* Follow.storyboard in Resources */,
				F91E5CD51DD30D5D00E48AB7 /* Home.storyboard in Resources */,
				F91E5C911DD2F8D400E48AB7 /* Assets.xcassets in Resources */,
				F91E5CD71DD30D9D00E48AB7 /* Live.storyboard in Resources */,
				F91E5C8F1DD2F8D400E48AB7 /* Main.storyboard in Resources */,
			);
			runOnlyForDeploymentPostprocessing = 0;
		};
		F91E5C981DD2F8D400E48AB7 /* Resources */ = {
			isa = PBXResourcesBuildPhase;
			buildActionMask = 2147483647;
			files = (
			);
			runOnlyForDeploymentPostprocessing = 0;
		};
/* End PBXResourcesBuildPhase section */

/* Begin PBXSourcesBuildPhase section */
		F91E5C821DD2F8D400E48AB7 /* Sources */ = {
			isa = PBXSourcesBuildPhase;
			buildActionMask = 2147483647;
			files = (
				F95521161DD456E000EB7F8D /* PageTitleView.swift in Sources */,
				F91E5CE11DD31D2600E48AB7 /* ProfileController.swift in Sources */,
				F91E5CDF1DD31D1900E48AB7 /* FollowController.swift in Sources */,
				F955211A1DD45FB400EB7F8D /* PageContentView.swift in Sources */,
				F91DC3191DD44D71005470BC /* HomeController.swift in Sources */,
				F95521181DD4584100EB7F8D /* Common.swift in Sources */,
				F971A7891DD4206E00FB1BBB /* UIBarButtonItem-Extension.swift in Sources */,
				F91E5CD31DD30C4200E48AB7 /* MainController.swift in Sources */,
				F91E5CE31DD31D3200E48AB7 /* LiveController.swift in Sources */,
				F91E5C8A1DD2F8D400E48AB7 /* AppDelegate.swift in Sources */,
			);
			runOnlyForDeploymentPostprocessing = 0;
		};
		F91E5C961DD2F8D400E48AB7 /* Sources */ = {
			isa = PBXSourcesBuildPhase;
			buildActionMask = 2147483647;
			files = (
				F91E5C9F1DD2F8D400E48AB7 /* DouyuSwiftTests.swift in Sources */,
			);
			runOnlyForDeploymentPostprocessing = 0;
		};
/* End PBXSourcesBuildPhase section */

/* Begin PBXTargetDependency section */
		F91E5C9C1DD2F8D400E48AB7 /* PBXTargetDependency */ = {
			isa = PBXTargetDependency;
			target = F91E5C851DD2F8D400E48AB7 /* DouyuSwift */;
			targetProxy = F91E5C9B1DD2F8D400E48AB7 /* PBXContainerItemProxy */;
		};
/* End PBXTargetDependency section */

/* Begin PBXVariantGroup section */
		F91E5C8D1DD2F8D400E48AB7 /* Main.storyboard */ = {
			isa = PBXVariantGroup;
			children = (
				F91E5C8E1DD2F8D400E48AB7 /* Base */,
			);
			name = Main.storyboard;
			path = ../..;
			sourceTree = "<group>";
		};
/* End PBXVariantGroup section */

/* Begin XCBuildConfiguration section */
		F91E5CA11DD2F8D400E48AB7 /* Debug */ = {
			isa = XCBuildConfiguration;
			buildSettings = {
				ALWAYS_SEARCH_USER_PATHS = NO;
				CLANG_ANALYZER_NONNULL = YES;
				CLANG_CXX_LANGUAGE_STANDARD = "gnu++0x";
				CLANG_CXX_LIBRARY = "libc++";
				CLANG_ENABLE_MODULES = YES;
				CLANG_ENABLE_OBJC_ARC = YES;
				CLANG_WARN_BOOL_CONVERSION = YES;
				CLANG_WARN_CONSTANT_CONVERSION = YES;
				CLANG_WARN_DIRECT_OBJC_ISA_USAGE = YES_ERROR;
				CLANG_WARN_DOCUMENTATION_COMMENTS = YES;
				CLANG_WARN_EMPTY_BODY = YES;
				CLANG_WARN_ENUM_CONVERSION = YES;
				CLANG_WARN_INFINITE_RECURSION = YES;
				CLANG_WARN_INT_CONVERSION = YES;
				CLANG_WARN_OBJC_ROOT_CLASS = YES_ERROR;
				CLANG_WARN_SUSPICIOUS_MOVES = YES;
				CLANG_WARN_UNREACHABLE_CODE = YES;
				CLANG_WARN__DUPLICATE_METHOD_MATCH = YES;
				"CODE_SIGN_IDENTITY[sdk=iphoneos*]" = "iPhone Developer";
				COPY_PHASE_STRIP = NO;
				DEBUG_INFORMATION_FORMAT = dwarf;
				ENABLE_STRICT_OBJC_MSGSEND = YES;
				ENABLE_TESTABILITY = YES;
				GCC_C_LANGUAGE_STANDARD = gnu99;
				GCC_DYNAMIC_NO_PIC = NO;
				GCC_NO_COMMON_BLOCKS = YES;
				GCC_OPTIMIZATION_LEVEL = 0;
				GCC_PREPROCESSOR_DEFINITIONS = (
					"DEBUG=1",
					"$(inherited)",
				);
				GCC_WARN_64_TO_32_BIT_CONVERSION = YES;
				GCC_WARN_ABOUT_RETURN_TYPE = YES_ERROR;
				GCC_WARN_UNDECLARED_SELECTOR = YES;
				GCC_WARN_UNINITIALIZED_AUTOS = YES_AGGRESSIVE;
				GCC_WARN_UNUSED_FUNCTION = YES;
				GCC_WARN_UNUSED_VARIABLE = YES;
				IPHONEOS_DEPLOYMENT_TARGET = 10.0;
				MTL_ENABLE_DEBUG_INFO = YES;
				ONLY_ACTIVE_ARCH = YES;
				SDKROOT = iphoneos;
				SWIFT_ACTIVE_COMPILATION_CONDITIONS = DEBUG;
				SWIFT_OPTIMIZATION_LEVEL = "-Onone";
			};
			name = Debug;
		};
		F91E5CA21DD2F8D400E48AB7 /* Release */ = {
			isa = XCBuildConfiguration;
			buildSettings = {
				ALWAYS_SEARCH_USER_PATHS = NO;
				CLANG_ANALYZER_NONNULL = YES;
				CLANG_CXX_LANGUAGE_STANDARD = "gnu++0x";
				CLANG_CXX_LIBRARY = "libc++";
				CLANG_ENABLE_MODULES = YES;
				CLANG_ENABLE_OBJC_ARC = YES;
				CLANG_WARN_BOOL_CONVERSION = YES;
				CLANG_WARN_CONSTANT_CONVERSION = YES;
				CLANG_WARN_DIRECT_OBJC_ISA_USAGE = YES_ERROR;
				CLANG_WARN_DOCUMENTATION_COMMENTS = YES;
				CLANG_WARN_EMPTY_BODY = YES;
				CLANG_WARN_ENUM_CONVERSION = YES;
				CLANG_WARN_INFINITE_RECURSION = YES;
				CLANG_WARN_INT_CONVERSION = YES;
				CLANG_WARN_OBJC_ROOT_CLASS = YES_ERROR;
				CLANG_WARN_SUSPICIOUS_MOVES = YES;
				CLANG_WARN_UNREACHABLE_CODE = YES;
				CLANG_WARN__DUPLICATE_METHOD_MATCH = YES;
				"CODE_SIGN_IDENTITY[sdk=iphoneos*]" = "iPhone Developer";
				COPY_PHASE_STRIP = NO;
				DEBUG_INFORMATION_FORMAT = "dwarf-with-dsym";
				ENABLE_NS_ASSERTIONS = NO;
				ENABLE_STRICT_OBJC_MSGSEND = YES;
				GCC_C_LANGUAGE_STANDARD = gnu99;
				GCC_NO_COMMON_BLOCKS = YES;
				GCC_WARN_64_TO_32_BIT_CONVERSION = YES;
				GCC_WARN_ABOUT_RETURN_TYPE = YES_ERROR;
				GCC_WARN_UNDECLARED_SELECTOR = YES;
				GCC_WARN_UNINITIALIZED_AUTOS = YES_AGGRESSIVE;
				GCC_WARN_UNUSED_FUNCTION = YES;
				GCC_WARN_UNUSED_VARIABLE = YES;
				IPHONEOS_DEPLOYMENT_TARGET = 10.0;
				MTL_ENABLE_DEBUG_INFO = NO;
				SDKROOT = iphoneos;
				SWIFT_OPTIMIZATION_LEVEL = "-Owholemodule";
				VALIDATE_PRODUCT = YES;
			};
			name = Release;
		};
		F91E5CA41DD2F8D400E48AB7 /* Debug */ = {
			isa = XCBuildConfiguration;
			buildSettings = {
				ASSETCATALOG_COMPILER_APPICON_NAME = AppIcon;
				ASSETCATALOG_COMPILER_LAUNCHIMAGE_NAME = LaunchImage;
				DEVELOPMENT_TEAM = 5XKUVDTMEL;
				INFOPLIST_FILE = DouyuSwift/Info.plist;
				IPHONEOS_DEPLOYMENT_TARGET = 9.0;
				LD_RUNPATH_SEARCH_PATHS = "$(inherited) @executable_path/Frameworks";
				PRODUCT_BUNDLE_IDENTIFIER = com.rensq.DouyuSwift;
				PRODUCT_NAME = "$(TARGET_NAME)";
				SWIFT_VERSION = 3.0;
			};
			name = Debug;
		};
		F91E5CA51DD2F8D400E48AB7 /* Release */ = {
			isa = XCBuildConfiguration;
			buildSettings = {
				ASSETCATALOG_COMPILER_APPICON_NAME = AppIcon;
				ASSETCATALOG_COMPILER_LAUNCHIMAGE_NAME = LaunchImage;
				DEVELOPMENT_TEAM = 5XKUVDTMEL;
				INFOPLIST_FILE = DouyuSwift/Info.plist;
				IPHONEOS_DEPLOYMENT_TARGET = 9.0;
				LD_RUNPATH_SEARCH_PATHS = "$(inherited) @executable_path/Frameworks";
				PRODUCT_BUNDLE_IDENTIFIER = com.rensq.DouyuSwift;
				PRODUCT_NAME = "$(TARGET_NAME)";
				SWIFT_VERSION = 3.0;
			};
			name = Release;
		};
		F91E5CA71DD2F8D400E48AB7 /* Debug */ = {
			isa = XCBuildConfiguration;
			buildSettings = {
				ALWAYS_EMBED_SWIFT_STANDARD_LIBRARIES = YES;
				BUNDLE_LOADER = "$(TEST_HOST)";
				DEVELOPMENT_TEAM = 5XKUVDTMEL;
				INFOPLIST_FILE = DouyuSwiftTests/Info.plist;
				LD_RUNPATH_SEARCH_PATHS = "$(inherited) @executable_path/Frameworks @loader_path/Frameworks";
				PRODUCT_BUNDLE_IDENTIFIER = com.rensq.DouyuSwiftTests;
				PRODUCT_NAME = "$(TARGET_NAME)";
				SWIFT_VERSION = 3.0;
				TEST_HOST = "$(BUILT_PRODUCTS_DIR)/DouyuSwift.app/DouyuSwift";
			};
			name = Debug;
		};
		F91E5CA81DD2F8D400E48AB7 /* Release */ = {
			isa = XCBuildConfiguration;
			buildSettings = {
				ALWAYS_EMBED_SWIFT_STANDARD_LIBRARIES = YES;
				BUNDLE_LOADER = "$(TEST_HOST)";
				DEVELOPMENT_TEAM = 5XKUVDTMEL;
				INFOPLIST_FILE = DouyuSwiftTests/Info.plist;
				LD_RUNPATH_SEARCH_PATHS = "$(inherited) @executable_path/Frameworks @loader_path/Frameworks";
				PRODUCT_BUNDLE_IDENTIFIER = com.rensq.DouyuSwiftTests;
				PRODUCT_NAME = "$(TARGET_NAME)";
				SWIFT_VERSION = 3.0;
				TEST_HOST = "$(BUILT_PRODUCTS_DIR)/DouyuSwift.app/DouyuSwift";
			};
			name = Release;
		};
/* End XCBuildConfiguration section */

/* Begin XCConfigurationList section */
		F91E5C811DD2F8D400E48AB7 /* Build configuration list for PBXProject "DouyuSwift" */ = {
			isa = XCConfigurationList;
			buildConfigurations = (
				F91E5CA11DD2F8D400E48AB7 /* Debug */,
				F91E5CA21DD2F8D400E48AB7 /* Release */,
			);
			defaultConfigurationIsVisible = 0;
			defaultConfigurationName = Release;
		};
		F91E5CA31DD2F8D400E48AB7 /* Build configuration list for PBXNativeTarget "DouyuSwift" */ = {
			isa = XCConfigurationList;
			buildConfigurations = (
				F91E5CA41DD2F8D400E48AB7 /* Debug */,
				F91E5CA51DD2F8D400E48AB7 /* Release */,
			);
			defaultConfigurationIsVisible = 0;
			defaultConfigurationName = Release;
		};
		F91E5CA61DD2F8D400E48AB7 /* Build configuration list for PBXNativeTarget "DouyuSwiftTests" */ = {
			isa = XCConfigurationList;
			buildConfigurations = (
				F91E5CA71DD2F8D400E48AB7 /* Debug */,
				F91E5CA81DD2F8D400E48AB7 /* Release */,
			);
			defaultConfigurationIsVisible = 0;
			defaultConfigurationName = Release;
		};
/* End XCConfigurationList section */
	};
	rootObject = F91E5C7E1DD2F8D400E48AB7 /* Project object */;
}
